
Microsoft Visual Studio Solution File, Format Version 12.00
# Visual Studio Version 17
VisualStudioVersion = 17.5.33516.290
MinimumVisualStudioVersion = 10.0.40219.1
Project("{FAE04EC0-301F-11D3-BF4B-00C04F79EFBC}") = "Lab11.Android", "Lab11\Lab11.Android\Lab11.Android.csproj", "{6719DE7A-96F4-4710-8314-078958D1D91E}"
EndProject
Project("{FAE04EC0-301F-11D3-BF4B-00C04F79EFBC}") = "Lab11.iOS", "Lab11\Lab11.iOS\Lab11.iOS.csproj", "{F2A4BAB2-CCB9-43FB-B5B8-48B726AFB439}"
EndProject
Project("{FAE04EC0-301F-11D3-BF4B-00C04F79EFBC}") = "Lab11", "Lab11\Lab11\Lab11.csproj", "{D13C08FD-7768-4E96-83B6-B33E5A9AE1C6}"
EndProject
Global
	GlobalSection(SolutionConfigurationPlatforms) = preSolution
		Debug|Any CPU = Debug|Any CPU
		Debug|iPhone = Debug|iPhone
		Debug|iPhoneSimulator = Debug|iPhoneSimulator
		Release|Any CPU = Release|Any CPU
		Release|iPhone = Release|iPhone
		Release|iPhoneSimulator = Release|iPhoneSimulator
	EndGlobalSection
	GlobalSection(ProjectConfigurationPlatforms) = postSolution
		{6719DE7A-96F4-4710-8314-078958D1D91E}.Debug|Any CPU.ActiveCfg = Debug|Any CPU
		{6719DE7A-96F4-4710-8314-078958D1D91E}.Debug|Any CPU.Build.0 = Debug|Any CPU
		{6719DE7A-96F4-4710-8314-078958D1D91E}.Debug|Any CPU.Deploy.0 = Debug|Any CPU
		{6719DE7A-96F4-4710-8314-078958D1D91E}.Debug|iPhone.ActiveCfg = Debug|Any CPU
		{6719DE7A-96F4-4710-8314-078958D1D91E}.Debug|iPhone.Build.0 = Debug|Any CPU
		{6719DE7A-96F4-4710-8314-078958D1D91E}.Debug|iPhone.Deploy.0 = Debug|Any CPU
		{6719DE7A-96F4-4710-8314-078958D1D91E}.Debug|iPhoneSimulator.ActiveCfg = Debug|Any CPU
		{6719DE7A-96F4-4710-8314-078958D1D91E}.Debug|iPhoneSimulator.Build.0 = Debug|Any CPU
		{6719DE7A-96F4-4710-8314-078958D1D91E}.Debug|iPhoneSimulator.Deploy.0 = Debug|Any CPU
		{6719DE7A-96F4-4710-8314-078958D1D91E}.Release|Any CPU.ActiveCfg = Release|Any CPU
		{6719DE7A-96F4-4710-8314-078958D1D91E}.Release|Any CPU.Build.0 = Release|Any CPU
		{6719DE7A-96F4-4710-8314-078958D1D91E}.Release|Any CPU.Deploy.0 = Release|Any CPU
		{6719DE7A-96F4-4710-8314-078958D1D91E}.Release|iPhone.ActiveCfg = Release|Any CPU
		{6719DE7A-96F4-4710-8314-078958D1D91E}.Release|iPhone.Build.0 = Release|Any CPU
		{6719DE7A-96F4-4710-8314-078958D1D91E}.Release|iPhone.Deploy.0 = Release|Any CPU
		{6719DE7A-96F4-4710-8314-078958D1D91E}.Release|iPhoneSimulator.ActiveCfg = Release|Any CPU
		{6719DE7A-96F4-4710-8314-078958D1D91E}.Release|iPhoneSimulator.Build.0 = Release|Any CPU
		{6719DE7A-96F4-4710-8314-078958D1D91E}.Release|iPhoneSimulator.Deploy.0 = Release|Any CPU
		{F2A4BAB2-CCB9-43FB-B5B8-48B726AFB439}.Debug|Any CPU.ActiveCfg = Debug|iPhone
		{F2A4BAB2-CCB9-43FB-B5B8-48B726AFB439}.Debug|Any CPU.Build.0 = Debug|iPhone
		{F2A4BAB2-CCB9-43FB-B5B8-48B726AFB439}.Debug|Any CPU.Deploy.0 = Debug|iPhone
		{F2A4BAB2-CCB9-43FB-B5B8-48B726AFB439}.Debug|iPhone.ActiveCfg = Debug|iPhone
		{F2A4BAB2-CCB9-43FB-B5B8-48B726AFB439}.Debug|iPhone.Build.0 = Debug|iPhone
		{F2A4BAB2-CCB9-43FB-B5B8-48B726AFB439}.Debug|iPhone.Deploy.0 = Debug|iPhone
		{F2A4BAB2-CCB9-43FB-B5B8-48B726AFB439}.Debug|iPhoneSimulator.ActiveCfg = Debug|iPhoneSimulator
		{F2A4BAB2-CCB9-43FB-B5B8-48B726AFB439}.Debug|iPhoneSimulator.Build.0 = Debug|iPhoneSimulator
		{F2A4BAB2-CCB9-43FB-B5B8-48B726AFB439}.Debug|iPhoneSimulator.Deploy.0 = Debug|iPhoneSimulator
		{F2A4BAB2-CCB9-43FB-B5B8-48B726AFB439}.Release|Any CPU.ActiveCfg = Release|iPhoneSimulator
		{F2A4BAB2-CCB9-43FB-B5B8-48B726AFB439}.Release|Any CPU.Build.0 = Release|iPhoneSimulator
		{F2A4BAB2-CCB9-43FB-B5B8-48B726AFB439}.Release|Any CPU.Deploy.0 = Release|iPhoneSimulator
		{F2A4BAB2-CCB9-43FB-B5B8-48B726AFB439}.Release|iPhone.ActiveCfg = Release|iPhone
		{F2A4BAB2-CCB9-43FB-B5B8-48B726AFB439}.Release|iPhone.Build.0 = Release|iPhone
		{F2A4BAB2-CCB9-43FB-B5B8-48B726AFB439}.Release|iPhone.Deploy.0 = Release|iPhone
		{F2A4BAB2-CCB9-43FB-B5B8-48B726AFB439}.Release|iPhoneSimulator.ActiveCfg = Release|iPhoneSimulator
		{F2A4BAB2-CCB9-43FB-B5B8-48B726AFB439}.Release|iPhoneSimulator.Build.0 = Release|iPhoneSimulator
		{F2A4BAB2-CCB9-43FB-B5B8-48B726AFB439}.Release|iPhoneSimulator.Deploy.0 = Release|iPhoneSimulator
		{D13C08FD-7768-4E96-83B6-B33E5A9AE1C6}.Debug|Any CPU.ActiveCfg = Debug|Any CPU
		{D13C08FD-7768-4E96-83B6-B33E5A9AE1C6}.Debug|Any CPU.Build.0 = Debug|Any CPU
		{D13C08FD-7768-4E96-83B6-B33E5A9AE1C6}.Debug|Any CPU.Deploy.0 = Debug|Any CPU
		{D13C08FD-7768-4E96-83B6-B33E5A9AE1C6}.Debug|iPhone.ActiveCfg = Debug|Any CPU
		{D13C08FD-7768-4E96-83B6-B33E5A9AE1C6}.Debug|iPhone.Build.0 = Debug|Any CPU
		{D13C08FD-7768-4E96-83B6-B33E5A9AE1C6}.Debug|iPhone.Deploy.0 = Debug|Any CPU
		{D13C08FD-7768-4E96-83B6-B33E5A9AE1C6}.Debug|iPhoneSimulator.ActiveCfg = Debug|Any CPU
		{D13C08FD-7768-4E96-83B6-B33E5A9AE1C6}.Debug|iPhoneSimulator.Build.0 = Debug|Any CPU
		{D13C08FD-7768-4E96-83B6-B33E5A9AE1C6}.Debug|iPhoneSimulator.Deploy.0 = Debug|Any CPU
		{D13C08FD-7768-4E96-83B6-B33E5A9AE1C6}.Release|Any CPU.ActiveCfg = Release|Any CPU
		{D13C08FD-7768-4E96-83B6-B33E5A9AE1C6}.Release|Any CPU.Build.0 = Release|Any CPU
		{D13C08FD-7768-4E96-83B6-B33E5A9AE1C6}.Release|Any CPU.Deploy.0 = Release|Any CPU
		{D13C08FD-7768-4E96-83B6-B33E5A9AE1C6}.Release|iPhone.ActiveCfg = Release|Any CPU
		{D13C08FD-7768-4E96-83B6-B33E5A9AE1C6}.Release|iPhone.Build.0 = Release|Any CPU
		{D13C08FD-7768-4E96-83B6-B33E5A9AE1C6}.Release|iPhone.Deploy.0 = Release|Any CPU
		{D13C08FD-7768-4E96-83B6-B33E5A9AE1C6}.Release|iPhoneSimulator.ActiveCfg = Release|Any CPU
		{D13C08FD-7768-4E96-83B6-B33E5A9AE1C6}.Release|iPhoneSimulator.Build.0 = Release|Any CPU
		{D13C08FD-7768-4E96-83B6-B33E5A9AE1C6}.Release|iPhoneSimulator.Deploy.0 = Release|Any CPU
	EndGlobalSection
	GlobalSection(SolutionProperties) = preSolution
		HideSolutionNode = FALSE
	EndGlobalSection
	GlobalSection(ExtensibilityGlobals) = postSolution
		SolutionGuid = {5C883D40-B742-466D-9289-20369C5762F9}
	EndGlobalSection
EndGlobal
